// !$*UTF8*$!
{
	archiveVersion = 1;
	classes = {
	};
	objectVersion = 70;
	objects = {

/* Begin PBXBuildFile section */
		6436A49C2D1CC3E9007C3B97 /* AlbumView+ViewModel.swift in Sources */ = {isa = PBXBuildFile; fileRef = 6436A49B2D1CC3E9007C3B97 /* AlbumView+ViewModel.swift */; };
		6436A4F82D1E3380007C3B97 /* CryptomatorCloudAccess in Frameworks */ = {isa = PBXBuildFile; productRef = 6436A4F72D1E3380007C3B97 /* CryptomatorCloudAccess */; };
		6436A4FA2D1E3380007C3B97 /* CryptomatorCloudAccessCore in Frameworks */ = {isa = PBXBuildFile; productRef = 6436A4F92D1E3380007C3B97 /* CryptomatorCloudAccessCore */; };
		6484D72D2D2052D800C606AA /* UpdateServiceAccountView.swift in Sources */ = {isa = PBXBuildFile; fileRef = 6484D72C2D2052D800C606AA /* UpdateServiceAccountView.swift */; };
		6484D72F2D2053B000C606AA /* AccountListView.swift in Sources */ = {isa = PBXBuildFile; fileRef = 6484D72E2D2053B000C606AA /* AccountListView.swift */; };
		649A6E992D037B8700C18FC3 /* BackupMasterApp.swift in Sources */ = {isa = PBXBuildFile; fileRef = 649A6E982D037B8700C18FC3 /* BackupMasterApp.swift */; };
		649A6E9B2D037B8700C18FC3 /* ContentView.swift in Sources */ = {isa = PBXBuildFile; fileRef = 649A6E9A2D037B8700C18FC3 /* ContentView.swift */; };
		649A6E9D2D037B8A00C18FC3 /* Assets.xcassets in Resources */ = {isa = PBXBuildFile; fileRef = 649A6E9C2D037B8A00C18FC3 /* Assets.xcassets */; };
		649A6EA02D037B8A00C18FC3 /* Preview Assets.xcassets in Resources */ = {isa = PBXBuildFile; fileRef = 649A6E9F2D037B8A00C18FC3 /* Preview Assets.xcassets */; };
		649F3C9A2D04EC5C0087B81C /* AlbumView.swift in Sources */ = {isa = PBXBuildFile; fileRef = 649F3C992D04EC5C0087B81C /* AlbumView.swift */; };
		649F3C9C2D04F3230087B81C /* PhotoView.swift in Sources */ = {isa = PBXBuildFile; fileRef = 649F3C9B2D04F3230087B81C /* PhotoView.swift */; };
		64D180802D05C54C00469C51 /* ContentView+ViewModel.swift in Sources */ = {isa = PBXBuildFile; fileRef = 64D1807F2D05C54C00469C51 /* ContentView+ViewModel.swift */; };
		64D180822D05C67100469C51 /* BackupServices.swift in Sources */ = {isa = PBXBuildFile; fileRef = 64D180812D05C67100469C51 /* BackupServices.swift */; };
		64D180842D05EF3100469C51 /* Album.swift in Sources */ = {isa = PBXBuildFile; fileRef = 64D180832D05EF3100469C51 /* Album.swift */; };
		64D180862D061AAF00469C51 /* SettingsView.swift in Sources */ = {isa = PBXBuildFile; fileRef = 64D180852D061AAF00469C51 /* SettingsView.swift */; };
/* End PBXBuildFile section */

/* Begin PBXFileReference section */
		6436A49B2D1CC3E9007C3B97 /* AlbumView+ViewModel.swift */ = {isa = PBXFileReference; lastKnownFileType = sourcecode.swift; path = "AlbumView+ViewModel.swift"; sourceTree = "<group>"; };
		6484D72C2D2052D800C606AA /* UpdateServiceAccountView.swift */ = {isa = PBXFileReference; lastKnownFileType = sourcecode.swift; path = UpdateServiceAccountView.swift; sourceTree = "<group>"; };
		6484D72E2D2053B000C606AA /* AccountListView.swift */ = {isa = PBXFileReference; lastKnownFileType = sourcecode.swift; path = AccountListView.swift; sourceTree = "<group>"; };
		649A6E952D037B8700C18FC3 /* BackupMaster.app */ = {isa = PBXFileReference; explicitFileType = wrapper.application; includeInIndex = 0; path = BackupMaster.app; sourceTree = BUILT_PRODUCTS_DIR; };
		649A6E982D037B8700C18FC3 /* BackupMasterApp.swift */ = {isa = PBXFileReference; lastKnownFileType = sourcecode.swift; path = BackupMasterApp.swift; sourceTree = "<group>"; };
		649A6E9A2D037B8700C18FC3 /* ContentView.swift */ = {isa = PBXFileReference; lastKnownFileType = sourcecode.swift; path = ContentView.swift; sourceTree = "<group>"; };
		649A6E9C2D037B8A00C18FC3 /* Assets.xcassets */ = {isa = PBXFileReference; lastKnownFileType = folder.assetcatalog; path = Assets.xcassets; sourceTree = "<group>"; };
		649A6E9F2D037B8A00C18FC3 /* Preview Assets.xcassets */ = {isa = PBXFileReference; lastKnownFileType = folder.assetcatalog; path = "Preview Assets.xcassets"; sourceTree = "<group>"; };
		649F3C952D04CEDC0087B81C /* Info.plist */ = {isa = PBXFileReference; lastKnownFileType = text.plist; path = Info.plist; sourceTree = "<group>"; };
		649F3C992D04EC5C0087B81C /* AlbumView.swift */ = {isa = PBXFileReference; lastKnownFileType = sourcecode.swift; path = AlbumView.swift; sourceTree = "<group>"; };
		649F3C9B2D04F3230087B81C /* PhotoView.swift */ = {isa = PBXFileReference; lastKnownFileType = sourcecode.swift; path = PhotoView.swift; sourceTree = "<group>"; };
		64D1807F2D05C54C00469C51 /* ContentView+ViewModel.swift */ = {isa = PBXFileReference; lastKnownFileType = sourcecode.swift; path = "ContentView+ViewModel.swift"; sourceTree = "<group>"; };
		64D180812D05C67100469C51 /* BackupServices.swift */ = {isa = PBXFileReference; lastKnownFileType = sourcecode.swift; path = BackupServices.swift; sourceTree = "<group>"; };
		64D180832D05EF3100469C51 /* Album.swift */ = {isa = PBXFileReference; lastKnownFileType = sourcecode.swift; path = Album.swift; sourceTree = "<group>"; };
		64D180852D061AAF00469C51 /* SettingsView.swift */ = {isa = PBXFileReference; lastKnownFileType = sourcecode.swift; path = SettingsView.swift; sourceTree = "<group>"; };
/* End PBXFileReference section */

/* Begin PBXFileSystemSynchronizedRootGroup section */
		6436A4F32D1E2EF5007C3B97 /* Gestures */ = {isa = PBXFileSystemSynchronizedRootGroup; explicitFileTypes = {}; explicitFolders = (); path = Gestures; sourceTree = "<group>"; };
		6477D9BA2D1F00270027F0D0 /* Services */ = {isa = PBXFileSystemSynchronizedRootGroup; explicitFileTypes = {}; explicitFolders = (); path = Services; sourceTree = "<group>"; };
		6484D7302D205D7A00C606AA /* Services */ = {isa = PBXFileSystemSynchronizedRootGroup; explicitFileTypes = {}; explicitFolders = (); path = Services; sourceTree = "<group>"; };
		8B19FC8F2D0B7316009931D0 /* GenericViews */ = {isa = PBXFileSystemSynchronizedRootGroup; explicitFileTypes = {}; explicitFolders = (); path = GenericViews; sourceTree = "<group>"; };
/* End PBXFileSystemSynchronizedRootGroup section */

/* Begin PBXFrameworksBuildPhase section */
		649A6E922D037B8700C18FC3 /* Frameworks */ = {
			isa = PBXFrameworksBuildPhase;
			buildActionMask = 2147483647;
			files = (
				6436A4FA2D1E3380007C3B97 /* CryptomatorCloudAccessCore in Frameworks */,
				6436A4F82D1E3380007C3B97 /* CryptomatorCloudAccess in Frameworks */,
			);
			runOnlyForDeploymentPostprocessing = 0;
		};
/* End PBXFrameworksBuildPhase section */

/* Begin PBXGroup section */
		649A6E8C2D037B8700C18FC3 = {
			isa = PBXGroup;
			children = (
				649A6E972D037B8700C18FC3 /* BackupMaster */,
				649A6E962D037B8700C18FC3 /* Products */,
			);
			sourceTree = "<group>";
		};
		649A6E962D037B8700C18FC3 /* Products */ = {
			isa = PBXGroup;
			children = (
				649A6E952D037B8700C18FC3 /* BackupMaster.app */,
			);
			name = Products;
			sourceTree = "<group>";
		};
		649A6E972D037B8700C18FC3 /* BackupMaster */ = {
			isa = PBXGroup;
			children = (
				6477D9BA2D1F00270027F0D0 /* Services */,
				649A6E982D037B8700C18FC3 /* BackupMasterApp.swift */,
				649A6E9A2D037B8700C18FC3 /* ContentView.swift */,
				64D1807E2D05BB4100469C51 /* Models */,
				64D1807D2D05B5EA00469C51 /* ViewModels */,
				649F3C982D04EC3E0087B81C /* Views */,
				6436A4F32D1E2EF5007C3B97 /* Gestures */,
				649A6E9E2D037B8A00C18FC3 /* Preview Content */,
				649F3C952D04CEDC0087B81C /* Info.plist */,
				649A6E9C2D037B8A00C18FC3 /* Assets.xcassets */,
			);
			path = BackupMaster;
			sourceTree = "<group>";
		};
		649A6E9E2D037B8A00C18FC3 /* Preview Content */ = {
			isa = PBXGroup;
			children = (
				649A6E9F2D037B8A00C18FC3 /* Preview Assets.xcassets */,
			);
			path = "Preview Content";
			sourceTree = "<group>";
		};
		649F3C982D04EC3E0087B81C /* Views */ = {
			isa = PBXGroup;
			children = (
				6484D7302D205D7A00C606AA /* Services */,
				8B19FC8F2D0B7316009931D0 /* GenericViews */,
				649F3C992D04EC5C0087B81C /* AlbumView.swift */,
				649F3C9B2D04F3230087B81C /* PhotoView.swift */,
				64D180852D061AAF00469C51 /* SettingsView.swift */,
				6484D72C2D2052D800C606AA /* UpdateServiceAccountView.swift */,
				6484D72E2D2053B000C606AA /* AccountListView.swift */,
			);
			path = Views;
			sourceTree = "<group>";
		};
		64D1807D2D05B5EA00469C51 /* ViewModels */ = {
			isa = PBXGroup;
			children = (
				64D1807F2D05C54C00469C51 /* ContentView+ViewModel.swift */,
				6436A49B2D1CC3E9007C3B97 /* AlbumView+ViewModel.swift */,
			);
			path = ViewModels;
			sourceTree = "<group>";
		};
		64D1807E2D05BB4100469C51 /* Models */ = {
			isa = PBXGroup;
			children = (
				64D180812D05C67100469C51 /* BackupServices.swift */,
				64D180832D05EF3100469C51 /* Album.swift */,
			);
			path = Models;
			sourceTree = "<group>";
		};
/* End PBXGroup section */

/* Begin PBXNativeTarget section */
		649A6E942D037B8700C18FC3 /* BackupMaster */ = {
			isa = PBXNativeTarget;
			buildConfigurationList = 649A6EA32D037B8A00C18FC3 /* Build configuration list for PBXNativeTarget "BackupMaster" */;
			buildPhases = (
				649A6E912D037B8700C18FC3 /* Sources */,
				649A6E922D037B8700C18FC3 /* Frameworks */,
				649A6E932D037B8700C18FC3 /* Resources */,
			);
			buildRules = (
			);
			dependencies = (
			);
			fileSystemSynchronizedGroups = (
				6436A4F32D1E2EF5007C3B97 /* Gestures */,
				6477D9BA2D1F00270027F0D0 /* Services */,
				6484D7302D205D7A00C606AA /* Services */,
				8B19FC8F2D0B7316009931D0 /* GenericViews */,
			);
			name = BackupMaster;
			productName = BackupMaster;
			productReference = 649A6E952D037B8700C18FC3 /* BackupMaster.app */;
			productType = "com.apple.product-type.application";
		};
/* End PBXNativeTarget section */

/* Begin PBXProject section */
		649A6E8D2D037B8700C18FC3 /* Project object */ = {
			isa = PBXProject;
			attributes = {
				BuildIndependentTargetsInParallel = 1;
				LastSwiftUpdateCheck = 1540;
				LastUpgradeCheck = 1540;
				TargetAttributes = {
					649A6E942D037B8700C18FC3 = {
						CreatedOnToolsVersion = 15.4;
					};
				};
			};
			buildConfigurationList = 649A6E902D037B8700C18FC3 /* Build configuration list for PBXProject "BackupMaster" */;
			compatibilityVersion = "Xcode 14.0";
			developmentRegion = en;
			hasScannedForEncodings = 0;
			knownRegions = (
				en,
				Base,
			);
			mainGroup = 649A6E8C2D037B8700C18FC3;
			packageReferences = (
				6436A4F62D1E3380007C3B97 /* XCRemoteSwiftPackageReference "cloud-access-swift" */,
			);
			productRefGroup = 649A6E962D037B8700C18FC3 /* Products */;
			projectDirPath = "";
			projectRoot = "";
			targets = (
				649A6E942D037B8700C18FC3 /* BackupMaster */,
			);
		};
/* End PBXProject section */

/* Begin PBXResourcesBuildPhase section */
		649A6E932D037B8700C18FC3 /* Resources */ = {
			isa = PBXResourcesBuildPhase;
			buildActionMask = 2147483647;
			files = (
				649A6EA02D037B8A00C18FC3 /* Preview Assets.xcassets in Resources */,
				649A6E9D2D037B8A00C18FC3 /* Assets.xcassets in Resources */,
			);
			runOnlyForDeploymentPostprocessing = 0;
		};
/* End PBXResourcesBuildPhase section */

/* Begin PBXSourcesBuildPhase section */
		649A6E912D037B8700C18FC3 /* Sources */ = {
			isa = PBXSourcesBuildPhase;
			buildActionMask = 2147483647;
			files = (
				6484D72F2D2053B000C606AA /* AccountListView.swift in Sources */,
				64D180822D05C67100469C51 /* BackupServices.swift in Sources */,
				6436A49C2D1CC3E9007C3B97 /* AlbumView+ViewModel.swift in Sources */,
				64D180862D061AAF00469C51 /* SettingsView.swift in Sources */,
				649A6E9B2D037B8700C18FC3 /* ContentView.swift in Sources */,
				649A6E992D037B8700C18FC3 /* BackupMasterApp.swift in Sources */,
				64D180842D05EF3100469C51 /* Album.swift in Sources */,
				649F3C9C2D04F3230087B81C /* PhotoView.swift in Sources */,
				6484D72D2D2052D800C606AA /* UpdateServiceAccountView.swift in Sources */,
				649F3C9A2D04EC5C0087B81C /* AlbumView.swift in Sources */,
				64D180802D05C54C00469C51 /* ContentView+ViewModel.swift in Sources */,
			);
			runOnlyForDeploymentPostprocessing = 0;
		};
/* End PBXSourcesBuildPhase section */

/* Begin XCBuildConfiguration section */
		649A6EA12D037B8A00C18FC3 /* Debug */ = {
			isa = XCBuildConfiguration;
			buildSettings = {
				ALWAYS_SEARCH_USER_PATHS = NO;
				ASSETCATALOG_COMPILER_GENERATE_SWIFT_ASSET_SYMBOL_EXTENSIONS = YES;
				CLANG_ANALYZER_NONNULL = YES;
				CLANG_ANALYZER_NUMBER_OBJECT_CONVERSION = YES_AGGRESSIVE;
				CLANG_CXX_LANGUAGE_STANDARD = "gnu++20";
				CLANG_ENABLE_MODULES = YES;
				CLANG_ENABLE_OBJC_ARC = YES;
				CLANG_ENABLE_OBJC_WEAK = YES;
				CLANG_WARN_BLOCK_CAPTURE_AUTORELEASING = YES;
				CLANG_WARN_BOOL_CONVERSION = YES;
				CLANG_WARN_COMMA = YES;
				CLANG_WARN_CONSTANT_CONVERSION = YES;
				CLANG_WARN_DEPRECATED_OBJC_IMPLEMENTATIONS = YES;
				CLANG_WARN_DIRECT_OBJC_ISA_USAGE = YES_ERROR;
				CLANG_WARN_DOCUMENTATION_COMMENTS = YES;
				CLANG_WARN_EMPTY_BODY = YES;
				CLANG_WARN_ENUM_CONVERSION = YES;
				CLANG_WARN_INFINITE_RECURSION = YES;
				CLANG_WARN_INT_CONVERSION = YES;
				CLANG_WARN_NON_LITERAL_NULL_CONVERSION = YES;
				CLANG_WARN_OBJC_IMPLICIT_RETAIN_SELF = YES;
				CLANG_WARN_OBJC_LITERAL_CONVERSION = YES;
				CLANG_WARN_OBJC_ROOT_CLASS = YES_ERROR;
				CLANG_WARN_QUOTED_INCLUDE_IN_FRAMEWORK_HEADER = YES;
				CLANG_WARN_RANGE_LOOP_ANALYSIS = YES;
				CLANG_WARN_STRICT_PROTOTYPES = YES;
				CLANG_WARN_SUSPICIOUS_MOVE = YES;
				CLANG_WARN_UNGUARDED_AVAILABILITY = YES_AGGRESSIVE;
				CLANG_WARN_UNREACHABLE_CODE = YES;
				CLANG_WARN__DUPLICATE_METHOD_MATCH = YES;
				COPY_PHASE_STRIP = NO;
				DEBUG_INFORMATION_FORMAT = dwarf;
				ENABLE_STRICT_OBJC_MSGSEND = YES;
				ENABLE_TESTABILITY = YES;
				ENABLE_USER_SCRIPT_SANDBOXING = YES;
				GCC_C_LANGUAGE_STANDARD = gnu17;
				GCC_DYNAMIC_NO_PIC = NO;
				GCC_NO_COMMON_BLOCKS = YES;
				GCC_OPTIMIZATION_LEVEL = 0;
				GCC_PREPROCESSOR_DEFINITIONS = (
					"DEBUG=1",
					"$(inherited)",
				);
				GCC_WARN_64_TO_32_BIT_CONVERSION = YES;
				GCC_WARN_ABOUT_RETURN_TYPE = YES_ERROR;
				GCC_WARN_UNDECLARED_SELECTOR = YES;
				GCC_WARN_UNINITIALIZED_AUTOS = YES_AGGRESSIVE;
				GCC_WARN_UNUSED_FUNCTION = YES;
				GCC_WARN_UNUSED_VARIABLE = YES;
				IPHONEOS_DEPLOYMENT_TARGET = 17.5;
				LOCALIZATION_PREFERS_STRING_CATALOGS = YES;
				MTL_ENABLE_DEBUG_INFO = INCLUDE_SOURCE;
				MTL_FAST_MATH = YES;
				ONLY_ACTIVE_ARCH = YES;
				SDKROOT = iphoneos;
				SWIFT_ACTIVE_COMPILATION_CONDITIONS = "DEBUG $(inherited)";
				SWIFT_OPTIMIZATION_LEVEL = "-Onone";
			};
			name = Debug;
		};
		649A6EA22D037B8A00C18FC3 /* Release */ = {
			isa = XCBuildConfiguration;
			buildSettings = {
				ALWAYS_SEARCH_USER_PATHS = NO;
				ASSETCATALOG_COMPILER_GENERATE_SWIFT_ASSET_SYMBOL_EXTENSIONS = YES;
				CLANG_ANALYZER_NONNULL = YES;
				CLANG_ANALYZER_NUMBER_OBJECT_CONVERSION = YES_AGGRESSIVE;
				CLANG_CXX_LANGUAGE_STANDARD = "gnu++20";
				CLANG_ENABLE_MODULES = YES;
				CLANG_ENABLE_OBJC_ARC = YES;
				CLANG_ENABLE_OBJC_WEAK = YES;
				CLANG_WARN_BLOCK_CAPTURE_AUTORELEASING = YES;
				CLANG_WARN_BOOL_CONVERSION = YES;
				CLANG_WARN_COMMA = YES;
				CLANG_WARN_CONSTANT_CONVERSION = YES;
				CLANG_WARN_DEPRECATED_OBJC_IMPLEMENTATIONS = YES;
				CLANG_WARN_DIRECT_OBJC_ISA_USAGE = YES_ERROR;
				CLANG_WARN_DOCUMENTATION_COMMENTS = YES;
				CLANG_WARN_EMPTY_BODY = YES;
				CLANG_WARN_ENUM_CONVERSION = YES;
				CLANG_WARN_INFINITE_RECURSION = YES;
				CLANG_WARN_INT_CONVERSION = YES;
				CLANG_WARN_NON_LITERAL_NULL_CONVERSION = YES;
				CLANG_WARN_OBJC_IMPLICIT_RETAIN_SELF = YES;
				CLANG_WARN_OBJC_LITERAL_CONVERSION = YES;
				CLANG_WARN_OBJC_ROOT_CLASS = YES_ERROR;
				CLANG_WARN_QUOTED_INCLUDE_IN_FRAMEWORK_HEADER = YES;
				CLANG_WARN_RANGE_LOOP_ANALYSIS = YES;
				CLANG_WARN_STRICT_PROTOTYPES = YES;
				CLANG_WARN_SUSPICIOUS_MOVE = YES;
				CLANG_WARN_UNGUARDED_AVAILABILITY = YES_AGGRESSIVE;
				CLANG_WARN_UNREACHABLE_CODE = YES;
				CLANG_WARN__DUPLICATE_METHOD_MATCH = YES;
				COPY_PHASE_STRIP = NO;
				DEBUG_INFORMATION_FORMAT = "dwarf-with-dsym";
				ENABLE_NS_ASSERTIONS = NO;
				ENABLE_STRICT_OBJC_MSGSEND = YES;
				ENABLE_USER_SCRIPT_SANDBOXING = YES;
				GCC_C_LANGUAGE_STANDARD = gnu17;
				GCC_NO_COMMON_BLOCKS = YES;
				GCC_WARN_64_TO_32_BIT_CONVERSION = YES;
				GCC_WARN_ABOUT_RETURN_TYPE = YES_ERROR;
				GCC_WARN_UNDECLARED_SELECTOR = YES;
				GCC_WARN_UNINITIALIZED_AUTOS = YES_AGGRESSIVE;
				GCC_WARN_UNUSED_FUNCTION = YES;
				GCC_WARN_UNUSED_VARIABLE = YES;
				IPHONEOS_DEPLOYMENT_TARGET = 17.5;
				LOCALIZATION_PREFERS_STRING_CATALOGS = YES;
				MTL_ENABLE_DEBUG_INFO = NO;
				MTL_FAST_MATH = YES;
				SDKROOT = iphoneos;
				SWIFT_COMPILATION_MODE = wholemodule;
				VALIDATE_PRODUCT = YES;
			};
			name = Release;
		};
		649A6EA42D037B8A00C18FC3 /* Debug */ = {
			isa = XCBuildConfiguration;
			buildSettings = {
				ASSETCATALOG_COMPILER_APPICON_NAME = AppIcon;
				ASSETCATALOG_COMPILER_GLOBAL_ACCENT_COLOR_NAME = AccentColor;
				CODE_SIGN_STYLE = Automatic;
				CURRENT_PROJECT_VERSION = 1;
				DEVELOPMENT_ASSET_PATHS = "\"BackupMaster/Preview Content\"";
				DEVELOPMENT_TEAM = WND3UU8ZXR;
				ENABLE_PREVIEWS = YES;
				GENERATE_INFOPLIST_FILE = YES;
				INFOPLIST_FILE = BackupMaster/Info.plist;
				INFOPLIST_KEY_CFBundleDisplayName = "Backup Master";
				INFOPLIST_KEY_LSApplicationCategoryType = "public.app-category.utilities";
				INFOPLIST_KEY_NSLocalNetworkUsageDescription = "We need access to you network to access local server if you have configured one";
				INFOPLIST_KEY_NSPhotoLibraryAddUsageDescription = "We need to save the photos to upload them to the service of your choice";
				INFOPLIST_KEY_NSPhotoLibraryUsageDescription = "We need access to your photo library to show you the photos to backup";
				INFOPLIST_KEY_UIApplicationSceneManifest_Generation = YES;
				INFOPLIST_KEY_UIApplicationSupportsIndirectInputEvents = YES;
				INFOPLIST_KEY_UILaunchScreen_Generation = YES;
				INFOPLIST_KEY_UISupportedInterfaceOrientations = UIInterfaceOrientationPortrait;
				INFOPLIST_KEY_UISupportedInterfaceOrientations_iPad = "UIInterfaceOrientationLandscapeLeft UIInterfaceOrientationLandscapeRight UIInterfaceOrientationPortrait UIInterfaceOrientationPortraitUpsideDown";
				IPHONEOS_DEPLOYMENT_TARGET = 18.0;
				LD_RUNPATH_SEARCH_PATHS = (
					"$(inherited)",
					"@executable_path/Frameworks",
				);
				MARKETING_VERSION = 0.1;
				PRODUCT_BUNDLE_IDENTIFIER = "com.backupcompany.BackupMaster-2";
				PRODUCT_NAME = "$(TARGET_NAME)";
				SUPPORTED_PLATFORMS = "iphoneos iphonesimulator";
				SUPPORTS_MACCATALYST = NO;
				SUPPORTS_MAC_DESIGNED_FOR_IPHONE_IPAD = NO;
				SUPPORTS_XR_DESIGNED_FOR_IPHONE_IPAD = NO;
				SWIFT_EMIT_LOC_STRINGS = YES;
				SWIFT_VERSION = 5.0;
				TARGETED_DEVICE_FAMILY = "1,2";
			};
			name = Debug;
		};
		649A6EA52D037B8A00C18FC3 /* Release */ = {
			isa = XCBuildConfiguration;
			buildSettings = {
				ASSETCATALOG_COMPILER_APPICON_NAME = AppIcon;
				ASSETCATALOG_COMPILER_GLOBAL_ACCENT_COLOR_NAME = AccentColor;
				CODE_SIGN_STYLE = Automatic;
				CURRENT_PROJECT_VERSION = 1;
				DEVELOPMENT_ASSET_PATHS = "\"BackupMaster/Preview Content\"";
				DEVELOPMENT_TEAM = WND3UU8ZXR;
				ENABLE_PREVIEWS = YES;
				GENERATE_INFOPLIST_FILE = YES;
				INFOPLIST_FILE = BackupMaster/Info.plist;
				INFOPLIST_KEY_CFBundleDisplayName = "Backup Master";
				INFOPLIST_KEY_LSApplicationCategoryType = "public.app-category.utilities";
				INFOPLIST_KEY_NSLocalNetworkUsageDescription = "We need access to you network to access local server if you have configured one";
				INFOPLIST_KEY_NSPhotoLibraryAddUsageDescription = "We need to save the photos to upload them to the service of your choice";
				INFOPLIST_KEY_NSPhotoLibraryUsageDescription = "We need access to your photo library to show you the photos to backup";
				INFOPLIST_KEY_UIApplicationSceneManifest_Generation = YES;
				INFOPLIST_KEY_UIApplicationSupportsIndirectInputEvents = YES;
				INFOPLIST_KEY_UILaunchScreen_Generation = YES;
				INFOPLIST_KEY_UISupportedInterfaceOrientations = UIInterfaceOrientationPortrait;
				INFOPLIST_KEY_UISupportedInterfaceOrientations_iPad = "UIInterfaceOrientationLandscapeLeft UIInterfaceOrientationLandscapeRight UIInterfaceOrientationPortrait UIInterfaceOrientationPortraitUpsideDown";
				IPHONEOS_DEPLOYMENT_TARGET = 18.0;
				LD_RUNPATH_SEARCH_PATHS = (
					"$(inherited)",
					"@executable_path/Frameworks",
				);
				MARKETING_VERSION = 0.1;
				PRODUCT_BUNDLE_IDENTIFIER = "com.backupcompany.BackupMaster-2";
				PRODUCT_NAME = "$(TARGET_NAME)";
				SUPPORTED_PLATFORMS = "iphoneos iphonesimulator";
				SUPPORTS_MACCATALYST = NO;
				SUPPORTS_MAC_DESIGNED_FOR_IPHONE_IPAD = NO;
				SUPPORTS_XR_DESIGNED_FOR_IPHONE_IPAD = NO;
				SWIFT_EMIT_LOC_STRINGS = YES;
				SWIFT_VERSION = 5.0;
				TARGETED_DEVICE_FAMILY = "1,2";
			};
			name = Release;
		};
/* End XCBuildConfiguration section */

/* Begin XCConfigurationList section */
		649A6E902D037B8700C18FC3 /* Build configuration list for PBXProject "BackupMaster" */ = {
			isa = XCConfigurationList;
			buildConfigurations = (
				649A6EA12D037B8A00C18FC3 /* Debug */,
				649A6EA22D037B8A00C18FC3 /* Release */,
			);
			defaultConfigurationIsVisible = 0;
			defaultConfigurationName = Release;
		};
		649A6EA32D037B8A00C18FC3 /* Build configuration list for PBXNativeTarget "BackupMaster" */ = {
			isa = XCConfigurationList;
			buildConfigurations = (
				649A6EA42D037B8A00C18FC3 /* Debug */,
				649A6EA52D037B8A00C18FC3 /* Release */,
			);
			defaultConfigurationIsVisible = 0;
			defaultConfigurationName = Release;
		};
/* End XCConfigurationList section */

/* Begin XCRemoteSwiftPackageReference section */
		6436A4F62D1E3380007C3B97 /* XCRemoteSwiftPackageReference "cloud-access-swift" */ = {
			isa = XCRemoteSwiftPackageReference;
			repositoryURL = "https://github.com/cryptomator/cloud-access-swift.git";
			requirement = {
				kind = upToNextMajorVersion;
				minimumVersion = 1.12.1;
			};
		};
/* End XCRemoteSwiftPackageReference section */

/* Begin XCSwiftPackageProductDependency section */
		6436A4F72D1E3380007C3B97 /* CryptomatorCloudAccess */ = {
			isa = XCSwiftPackageProductDependency;
			package = 6436A4F62D1E3380007C3B97 /* XCRemoteSwiftPackageReference "cloud-access-swift" */;
			productName = CryptomatorCloudAccess;
		};
		6436A4F92D1E3380007C3B97 /* CryptomatorCloudAccessCore */ = {
			isa = XCSwiftPackageProductDependency;
			package = 6436A4F62D1E3380007C3B97 /* XCRemoteSwiftPackageReference "cloud-access-swift" */;
			productName = CryptomatorCloudAccessCore;
		};
/* End XCSwiftPackageProductDependency section */
	};
	rootObject = 649A6E8D2D037B8700C18FC3 /* Project object */;
}
